[[package]]
category = "main"
description = "Cross-platform colored terminal text."
name = "colorama"
optional = false
python-versions = ">=2.7, !=3.0.*, !=3.1.*, !=3.2.*, !=3.3.*, !=3.4.*"
version = "0.4.3"

[[package]]
category = "main"
description = "Python parser for the CommonMark Markdown spec"
name = "commonmark"
optional = false
python-versions = "*"
version = "0.9.1"

[[package]]
category = "main"
description = "A drop-in replacement for pprint that's actually pretty"
name = "pprintpp"
optional = false
python-versions = "*"
version = "0.4.0"

[[package]]
category = "main"
description = "Pygments is a syntax highlighting package written in Python."
name = "pygments"
optional = false
python-versions = ">=3.5"
version = "2.6.1"

[[package]]
category = "main"
description = "Python driver for MongoDB <http://www.mongodb.org>"
name = "pymongo"
optional = false
python-versions = "*"
version = "3.10.1"

[[package]]
category = "main"
description = "Render rich text, tables, progress bars, syntax highlighting, markdown and more to the terminal"
name = "rich"
optional = false
python-versions = ">=3.6,<4.0"
version = "1.2.3"

[package.dependencies]
colorama = ">=0.4.0,<0.5.0"
commonmark = ">=0.9.0,<0.10.0"
pprintpp = ">=0.4.0,<0.5.0"
pygments = ">=2.6.0,<3.0.0"
typing-extensions = ">=3.7.4,<4.0.0"

[[package]]
category = "main"
description = "Backported and Experimental Type Hints for Python 3.5+"
name = "typing-extensions"
optional = false
python-versions = "*"
version = "3.7.4.2"

[metadata]
content-hash = "5bd7c6a7219e5dab07685f90331b93e3a405c65bf5ca48b596fb4ab171be7744"
python-versions = "^3.7"

[metadata.hashes]
colorama = ["7d73d2a99753107a36ac6b455ee49046802e59d9d076ef8e47b61499fa29afff", "e96da0d330793e2cb9485e9ddfd918d456036c7149416295932478192f4436a1"]
commonmark = ["452f9dc859be7f06631ddcb328b6919c67984aca654e5fefb3914d54691aed60", "da2f38c92590f83de410ba1a3cbceafbc74fee9def35f9251ba9a971d6d66fd9"]
pprintpp = ["b6b4dcdd0c0c0d75e4d7b2f21a9e933e5b2ce62b26e1a54537f9651ae5a5c01d", "ea826108e2c7f49dc6d66c752973c3fc9749142a798d6b254e1e301cfdbc6403"]
pygments = ["647344a061c249a3b74e230c739f434d7ea4d8b1d5f3721bc0f3558049b38f44", "ff7a40b4860b727ab48fad6360eb351cc1b33cbf9b15a0f689ca5353e9463324"]
pymongo = ["01b4e10027aef5bb9ecefbc26f5df3368ce34aef81df43850f701e716e3fe16d", "0fc5aa1b1acf7f61af46fe0414e6a4d0c234b339db4c03a63da48599acf1cbfc", "1396eb7151e0558b1f817e4b9d7697d5599e5c40d839a9f7270bd90af994ad82", "18e84a3ec5e73adcb4187b8e5541b2ad61d716026ed9863267e650300d8bea33", "19adf2848b80cb349b9891cc854581bbf24c338be9a3260e73159bdeb2264464", "20ee0475aa2ba437b0a14806f125d696f90a8433d820fb558fdd6f052acde103", "26798795097bdeb571f13942beef7e0b60125397811c75b7aa9214d89880dd1d", "26e707a4eb851ec27bb969b5f1413b9b2eac28fe34271fa72329100317ea7c73", "2a3c7ad01553b27ec553688a1e6445e7f40355fb37d925c11fcb50b504e367f8", "2f07b27dbf303ea53f4147a7922ce91a26b34a0011131471d8aaf73151fdee9a", "316f0cf543013d0c085e15a2c8abe0db70f93c9722c0f99b6f3318ff69477d70", "31d11a600eea0c60de22c8bdcb58cda63c762891facdcb74248c36713240987f", "334ef3ffd0df87ea83a0054454336159f8ad9c1b389e19c0032d9cb8410660e6", "358ba4693c01022d507b96a980ded855a32dbdccc3c9331d0667be5e967f30ed", "3a6568bc53103df260f5c7d2da36dffc5202b9a36c85540bba1836a774943794", "444bf2f44264578c4085bb04493bfed0e5c1b4fe7c2704504d769f955cc78fe4", "47a00b22c52ee59dffc2aad02d0bbfb20c26ec5b8de8900492bf13ad6901cf35", "4c067db43b331fc709080d441cb2e157114fec60749667d12186cc3fc8e7a951", "4c092310f804a5d45a1bcaa4191d6d016c457b6ed3982a622c35f729ff1c7f6b", "53b711b33134e292ef8499835a3df10909c58df53a2a0308f598c432e9a62892", "568d6bee70652d8a5af1cd3eec48b4ca1696fb1773b80719ebbd2925b72cb8f6", "56fa55032782b7f8e0bf6956420d11e2d4e9860598dfe9c504edec53af0fc372", "5a2c492680c61b440272341294172fa3b3751797b1ab983533a770e4fb0a67ac", "61235cc39b5b2f593086d1d38f3fc130b2d125bd8fc8621d35bc5b6bdeb92bd2", "619ac9aaf681434b4d4718d1b31aa2f0fce64f2b3f8435688fcbdc0c818b6c54", "6238ac1f483494011abde5286282afdfacd8926659e222ba9b74c67008d3a58c", "63752a72ca4d4e1386278bd43d14232f51718b409e7ac86bcf8810826b531113", "6fdc5ccb43864065d40dd838437952e9e3da9821b7eac605ba46ada77f846bdf", "7abc3a6825a346fa4621a6f63e3b662bbb9e0f6ffc32d30a459d695f20fb1a8b", "7aef381bb9ae8a3821abd7f9d4d93978dbd99072b48522e181baeffcd95b56ae", "80df3caf251fe61a3f0c9614adc6e2bfcffd1cd3345280896766712fb4b4d6d7", "95f970f34b59987dee6f360d2e7d30e181d58957b85dff929eee4423739bd151", "993257f6ca3cde55332af1f62af3e04ca89ce63c08b56a387cdd46136c72f2fa", "9c0a57390549affc2b5dda24a38de03a5c7cbc58750cd161ff5d106c3c6eec80", "a0794e987d55d2f719cc95fcf980fc62d12b80e287e6a761c4be14c60bd9fecc", "a3b98121e68bf370dd8ea09df67e916f93ea95b52fc010902312168c4d1aff5d", "a60756d55f0887023b3899e6c2923ba5f0042fb11b1d17810b4e07395404f33e", "a676bd2fbc2309092b9bbb0083d35718b5420af3a42135ebb1e4c3633f56604d", "a732838c78554c1257ff2492f5c8c4c7312d0aecd7f732149e255f3749edd5ee", "ad3dc88dfe61f0f1f9b99c6bc833ea2f45203a937a18f0d2faa57c6952656012", "ae65d65fde4135ef423a2608587c9ef585a3551fc2e4e431e7c7e527047581be", "b070a4f064a9edb70f921bfdc270725cff7a78c22036dd37a767c51393fb956f", "b6da85949aa91e9f8c521681344bd2e163de894a5492337fba8b05c409225a4f", "bbf47110765b2a999803a7de457567389253f8670f7daafb98e059c899ce9764", "bd9c1e6f92b4888ae3ef7ae23262c513b962f09f3fb3b48581dde5df7d7a860a", "c06b3f998d2d7160db58db69adfb807d2ec307e883e2f17f6b87a1ef6c723f11", "c318fb70542be16d3d4063cde6010b1e4d328993a793529c15a619251f517c39", "c4aef42e5fa4c9d5a99f751fb79caa880dac7eaf8a65121549318b984676a1b7", "c9ca545e93a9c2a3bdaa2e6e21f7a43267ff0813e8055adf2b591c13164c0c57", "da2c3220eb55c4239dd8b982e213da0b79023cac59fe54ca09365f2bc7e4ad32", "dd8055da300535eefd446b30995c0813cc4394873c9509323762a93e97c04c03", "e2b46e092ea54b732d98c476720386ff2ccd126de1e52076b470b117bff7e409", "e334c4f39a2863a239d38b5829e442a87f241a92da9941861ee6ec5d6380b7fe", "e5c54f04ca42bbb5153aec5d4f2e3d9f81e316945220ac318abd4083308143f5", "f4d06764a06b137e48db6d569dc95614d9d225c89842c885669ee8abc9f28c7a", "f96333f9d2517c752c20a35ff95de5fc2763ac8cdb1653df0f6f45d281620606"]
rich = ["00cfae0180e7f38d8d9ac2075b0decd15868210b1092d8a08af87434ff8bfe4b", "7c9202cbad4ea9bf407a2f74ebc38cdf67c95eca4d19b9d8274b71f508e38ac0"]
typing-extensions = ["6e95524d8a547a91e08f404ae485bbb71962de46967e1b71a0cb89af24e761c5", "79ee589a3caca649a9bfd2a8de4709837400dfa00b6cc81962a1e6a1815969ae", "f8d2bd89d25bc39dabe7d23df520442fa1d8969b82544370e03d88b5a591c392"]
